
Microsoft Visual Studio Solution File, Format Version 12.00
# Visual Studio 15
VisualStudioVersion = 15.0.26403.0
MinimumVisualStudioVersion = 10.0.40219.1
Project("{9A19103F-16F7-4668-BE54-9A1E7A4F7556}") = "SoftWx.Numerics", "src\SoftWx.Numerics\SoftWx.Numerics.csproj", "{C12EB974-EF54-4C04-AB58-9A67F25B4A53}"
EndProject
Project("{FAE04EC0-301F-11D3-BF4B-00C04F79EFBC}") = "SoftWx.Numerics.Tests", "src\SoftWx.Numerics.Tests\SoftWx.Numerics.Tests.csproj", "{E9B2D619-A285-4808-9235-BD6FA123215C}"
EndProject
Global
	GlobalSection(SolutionConfigurationPlatforms) = preSolution
		Debug|Any CPU = Debug|Any CPU
		Release|Any CPU = Release|Any CPU
	EndGlobalSection
	GlobalSection(ProjectConfigurationPlatforms) = postSolution
		{C12EB974-EF54-4C04-AB58-9A67F25B4A53}.Debug|Any CPU.ActiveCfg = Debug|Any CPU
		{C12EB974-EF54-4C04-AB58-9A67F25B4A53}.Debug|Any CPU.Build.0 = Debug|Any CPU
		{C12EB974-EF54-4C04-AB58-9A67F25B4A53}.Release|Any CPU.ActiveCfg = Release|Any CPU
		{C12EB974-EF54-4C04-AB58-9A67F25B4A53}.Release|Any CPU.Build.0 = Release|Any CPU
		{E9B2D619-A285-4808-9235-BD6FA123215C}.Debug|Any CPU.ActiveCfg = Debug|Any CPU
		{E9B2D619-A285-4808-9235-BD6FA123215C}.Debug|Any CPU.Build.0 = Debug|Any CPU
		{E9B2D619-A285-4808-9235-BD6FA123215C}.Release|Any CPU.ActiveCfg = Release|Any CPU
		{E9B2D619-A285-4808-9235-BD6FA123215C}.Release|Any CPU.Build.0 = Release|Any CPU
	EndGlobalSection
	GlobalSection(SolutionProperties) = preSolution
		HideSolutionNode = FALSE
	EndGlobalSection
EndGlobal
